// !$*UTF8*$!
{
	archiveVersion = 1;
	classes = {
	};
	objectVersion = 46;
	objects = {

/* Begin PBXBuildFile section */
		B54511C11CF73E150041E883 /* AppDelegate.swift in Sources */ = {isa = PBXBuildFile; fileRef = B54511C01CF73E150041E883 /* AppDelegate.swift */; };
		B54511C31CF73E150041E883 /* ViewController.swift in Sources */ = {isa = PBXBuildFile; fileRef = B54511C21CF73E150041E883 /* ViewController.swift */; };
		B54511C61CF73E150041E883 /* Main.storyboard in Resources */ = {isa = PBXBuildFile; fileRef = B54511C41CF73E150041E883 /* Main.storyboard */; };
		B54511C81CF73E150041E883 /* Assets.xcassets in Resources */ = {isa = PBXBuildFile; fileRef = B54511C71CF73E150041E883 /* Assets.xcassets */; };
		B54511CB1CF73E150041E883 /* LaunchScreen.storyboard in Resources */ = {isa = PBXBuildFile; fileRef = B54511C91CF73E150041E883 /* LaunchScreen.storyboard */; };
		B54511D31CF73E860041E883 /* AVFoundation.framework in Frameworks */ = {isa = PBXBuildFile; fileRef = B54511D21CF73E860041E883 /* AVFoundation.framework */; };
		B54511D51CF790BC0041E883 /* aiman.mp3 in Resources */ = {isa = PBXBuildFile; fileRef = B54511D41CF790BC0041E883 /* aiman.mp3 */; };
/* End PBXBuildFile section */

/* Begin PBXFileReference section */
		B54511BD1CF73E150041E883 /* MusicApp.app */ = {isa = PBXFileReference; explicitFileType = wrapper.application; includeInIndex = 0; path = MusicApp.app; sourceTree = BUILT_PRODUCTS_DIR; };
		B54511C01CF73E150041E883 /* AppDelegate.swift */ = {isa = PBXFileReference; lastKnownFileType = sourcecode.swift; path = AppDelegate.swift; sourceTree = "<group>"; };
		B54511C21CF73E150041E883 /* ViewController.swift */ = {isa = PBXFileReference; lastKnownFileType = sourcecode.swift; path = ViewController.swift; sourceTree = "<group>"; };
		B54511C51CF73E150041E883 /* Base */ = {isa = PBXFileReference; lastKnownFileType = file.storyboard; name = Base; path = Base.lproj/Main.storyboard; sourceTree = "<group>"; };
		B54511C71CF73E150041E883 /* Assets.xcassets */ = {isa = PBXFileReference; lastKnownFileType = folder.assetcatalog; path = Assets.xcassets; sourceTree = "<group>"; };
		B54511CA1CF73E150041E883 /* Base */ = {isa = PBXFileReference; lastKnownFileType = file.storyboard; name = Base; path = Base.lproj/LaunchScreen.storyboard; sourceTree = "<group>"; };
		B54511CC1CF73E150041E883 /* Info.plist */ = {isa = PBXFileReference; lastKnownFileType = text.plist.xml; path = Info.plist; sourceTree = "<group>"; };
		B54511D21CF73E860041E883 /* AVFoundation.framework */ = {isa = PBXFileReference; lastKnownFileType = wrapper.framework; name = AVFoundation.framework; path = System/Library/Frameworks/AVFoundation.framework; sourceTree = SDKROOT; };
		B54511D41CF790BC0041E883 /* aiman.mp3 */ = {isa = PBXFileReference; lastKnownFileType = audio.mp3; name = aiman.mp3; path = ../../../aiman.mp3; sourceTree = "<group>"; };
/* End PBXFileReference section */

/* Begin PBXFrameworksBuildPhase section */
		B54511BA1CF73E150041E883 /* Frameworks */ = {
			isa = PBXFrameworksBuildPhase;
			buildActionMask = 2147483647;
			files = (
				B54511D31CF73E860041E883 /* AVFoundation.framework in Frameworks */,
			);
			runOnlyForDeploymentPostprocessing = 0;
		};
/* End PBXFrameworksBuildPhase section */

/* Begin PBXGroup section */
		B54511B41CF73E150041E883 = {
			isa = PBXGroup;
			children = (
				B54511D21CF73E860041E883 /* AVFoundation.framework */,
				B54511BF1CF73E150041E883 /* MusicApp */,
				B54511BE1CF73E150041E883 /* Products */,
			);
			sourceTree = "<group>";
		};
		B54511BE1CF73E150041E883 /* Products */ = {
			isa = PBXGroup;
			children = (
				B54511BD1CF73E150041E883 /* MusicApp.app */,
			);
			name = Products;
			sourceTree = "<group>";
		};
		B54511BF1CF73E150041E883 /* MusicApp */ = {
			isa = PBXGroup;
			children = (
				B54511C01CF73E150041E883 /* AppDelegate.swift */,
				B54511C21CF73E150041E883 /* ViewController.swift */,
				B54511C41CF73E150041E883 /* Main.storyboard */,
				B54511C71CF73E150041E883 /* Assets.xcassets */,
				B54511D41CF790BC0041E883 /* aiman.mp3 */,
				B54511C91CF73E150041E883 /* LaunchScreen.storyboard */,
				B54511CC1CF73E150041E883 /* Info.plist */,
			);
			path = MusicApp;
			sourceTree = "<group>";
		};
/* End PBXGroup section */

/* Begin PBXNativeTarget section */
		B54511BC1CF73E150041E883 /* MusicApp */ = {
			isa = PBXNativeTarget;
			buildConfigurationList = B54511CF1CF73E150041E883 /* Build configuration list for PBXNativeTarget "MusicApp" */;
			buildPhases = (
				B54511B91CF73E150041E883 /* Sources */,
				B54511BA1CF73E150041E883 /* Frameworks */,
				B54511BB1CF73E150041E883 /* Resources */,
			);
			buildRules = (
			);
			dependencies = (
			);
			name = MusicApp;
			productName = MusicApp;
			productReference = B54511BD1CF73E150041E883 /* MusicApp.app */;
			productType = "com.apple.product-type.application";
		};
/* End PBXNativeTarget section */

/* Begin PBXProject section */
		B54511B51CF73E150041E883 /* Project object */ = {
			isa = PBXProject;
			attributes = {
				LastSwiftUpdateCheck = 0730;
				LastUpgradeCheck = 0730;
				ORGANIZATIONNAME = "Aiman Abdullah Anees";
				TargetAttributes = {
					B54511BC1CF73E150041E883 = {
						CreatedOnToolsVersion = 7.3.1;
					};
				};
			};
			buildConfigurationList = B54511B81CF73E150041E883 /* Build configuration list for PBXProject "MusicApp" */;
			compatibilityVersion = "Xcode 3.2";
			developmentRegion = English;
			hasScannedForEncodings = 0;
			knownRegions = (
				en,
				Base,
			);
			mainGroup = B54511B41CF73E150041E883;
			productRefGroup = B54511BE1CF73E150041E883 /* Products */;
			projectDirPath = "";
			projectRoot = "";
			targets = (
				B54511BC1CF73E150041E883 /* MusicApp */,
			);
		};
/* End PBXProject section */

/* Begin PBXResourcesBuildPhase section */
		B54511BB1CF73E150041E883 /* Resources */ = {
			isa = PBXResourcesBuildPhase;
			buildActionMask = 2147483647;
			files = (
				B54511CB1CF73E150041E883 /* LaunchScreen.storyboard in Resources */,
				B54511C81CF73E150041E883 /* Assets.xcassets in Resources */,
				B54511D51CF790BC0041E883 /* aiman.mp3 in Resources */,
				B54511C61CF73E150041E883 /* Main.storyboard in Resources */,
			);
			runOnlyForDeploymentPostprocessing = 0;
		};
/* End PBXResourcesBuildPhase section */

/* Begin PBXSourcesBuildPhase section */
		B54511B91CF73E150041E883 /* Sources */ = {
			isa = PBXSourcesBuildPhase;
			buildActionMask = 2147483647;
			files = (
				B54511C31CF73E150041E883 /* ViewController.swift in Sources */,
				B54511C11CF73E150041E883 /* AppDelegate.swift in Sources */,
			);
			runOnlyForDeploymentPostprocessing = 0;
		};
/* End PBXSourcesBuildPhase section */

/* Begin PBXVariantGroup section */
		B54511C41CF73E150041E883 /* Main.storyboard */ = {
			isa = PBXVariantGroup;
			children = (
				B54511C51CF73E150041E883 /* Base */,
			);
			name = Main.storyboard;
			sourceTree = "<group>";
		};
		B54511C91CF73E150041E883 /* LaunchScreen.storyboard */ = {
			isa = PBXVariantGroup;
			children = (
				B54511CA1CF73E150041E883 /* Base */,
			);
			name = LaunchScreen.storyboard;
			sourceTree = "<group>";
		};
/* End PBXVariantGroup section */

/* Begin XCBuildConfiguration section */
		B54511CD1CF73E150041E883 /* Debug */ = {
			isa = XCBuildConfiguration;
			buildSettings = {
				ALWAYS_SEARCH_USER_PATHS = NO;
				CLANG_ANALYZER_NONNULL = YES;
				CLANG_CXX_LANGUAGE_STANDARD = "gnu++0x";
				CLANG_CXX_LIBRARY = "libc++";
				CLANG_ENABLE_MODULES = YES;
				CLANG_ENABLE_OBJC_ARC = YES;
				CLANG_WARN_BOOL_CONVERSION = YES;
				CLANG_WARN_CONSTANT_CONVERSION = YES;
				CLANG_WARN_DIRECT_OBJC_ISA_USAGE = YES_ERROR;
				CLANG_WARN_EMPTY_BODY = YES;
				CLANG_WARN_ENUM_CONVERSION = YES;
				CLANG_WARN_INT_CONVERSION = YES;
				CLANG_WARN_OBJC_ROOT_CLASS = YES_ERROR;
				CLANG_WARN_UNREACHABLE_CODE = YES;
				CLANG_WARN__DUPLICATE_METHOD_MATCH = YES;
				"CODE_SIGN_IDENTITY[sdk=iphoneos*]" = "iPhone Developer";
				COPY_PHASE_STRIP = NO;
				DEBUG_INFORMATION_FORMAT = dwarf;
				ENABLE_STRICT_OBJC_MSGSEND = YES;
				ENABLE_TESTABILITY = YES;
				GCC_C_LANGUAGE_STANDARD = gnu99;
				GCC_DYNAMIC_NO_PIC = NO;
				GCC_NO_COMMON_BLOCKS = YES;
				GCC_OPTIMIZATION_LEVEL = 0;
				GCC_PREPROCESSOR_DEFINITIONS = (
					"DEBUG=1",
					"$(inherited)",
				);
				GCC_WARN_64_TO_32_BIT_CONVERSION = YES;
				GCC_WARN_ABOUT_RETURN_TYPE = YES_ERROR;
				GCC_WARN_UNDECLARED_SELECTOR = YES;
				GCC_WARN_UNINITIALIZED_AUTOS = YES_AGGRESSIVE;
				GCC_WARN_UNUSED_FUNCTION = YES;
				GCC_WARN_UNUSED_VARIABLE = YES;
				IPHONEOS_DEPLOYMENT_TARGET = 9.3;
				MTL_ENABLE_DEBUG_INFO = YES;
				ONLY_ACTIVE_ARCH = YES;
				SDKROOT = iphoneos;
				SWIFT_OPTIMIZATION_LEVEL = "-Onone";
			};
			name = Debug;
		};
		B54511CE1CF73E150041E883 /* Release */ = {
			isa = XCBuildConfiguration;
			buildSettings = {
				ALWAYS_SEARCH_USER_PATHS = NO;
				CLANG_ANALYZER_NONNULL = YES;
				CLANG_CXX_LANGUAGE_STANDARD = "gnu++0x";
				CLANG_CXX_LIBRARY = "libc++";
				CLANG_ENABLE_MODULES = YES;
				CLANG_ENABLE_OBJC_ARC = YES;
				CLANG_WARN_BOOL_CONVERSION = YES;
				CLANG_WARN_CONSTANT_CONVERSION = YES;
				CLANG_WARN_DIRECT_OBJC_ISA_USAGE = YES_ERROR;
				CLANG_WARN_EMPTY_BODY = YES;
				CLANG_WARN_ENUM_CONVERSION = YES;
				CLANG_WARN_INT_CONVERSION = YES;
				CLANG_WARN_OBJC_ROOT_CLASS = YES_ERROR;
				CLANG_WARN_UNREACHABLE_CODE = YES;
				CLANG_WARN__DUPLICATE_METHOD_MATCH = YES;
				"CODE_SIGN_IDENTITY[sdk=iphoneos*]" = "iPhone Developer";
				COPY_PHASE_STRIP = NO;
				DEBUG_INFORMATION_FORMAT = "dwarf-with-dsym";
				ENABLE_NS_ASSERTIONS = NO;
				ENABLE_STRICT_OBJC_MSGSEND = YES;
				GCC_C_LANGUAGE_STANDARD = gnu99;
				GCC_NO_COMMON_BLOCKS = YES;
				GCC_WARN_64_TO_32_BIT_CONVERSION = YES;
				GCC_WARN_ABOUT_RETURN_TYPE = YES_ERROR;
				GCC_WARN_UNDECLARED_SELECTOR = YES;
				GCC_WARN_UNINITIALIZED_AUTOS = YES_AGGRESSIVE;
				GCC_WARN_UNUSED_FUNCTION = YES;
				GCC_WARN_UNUSED_VARIABLE = YES;
				IPHONEOS_DEPLOYMENT_TARGET = 9.3;
				MTL_ENABLE_DEBUG_INFO = NO;
				SDKROOT = iphoneos;
				VALIDATE_PRODUCT = YES;
			};
			name = Release;
		};
		B54511D01CF73E150041E883 /* Debug */ = {
			isa = XCBuildConfiguration;
			buildSettings = {
				ASSETCATALOG_COMPILER_APPICON_NAME = AppIcon;
				INFOPLIST_FILE = MusicApp/Info.plist;
				LD_RUNPATH_SEARCH_PATHS = "$(inherited) @executable_path/Frameworks";
				PRODUCT_BUNDLE_IDENTIFIER = com.App01.MusicApp;
				PRODUCT_NAME = "$(TARGET_NAME)";
			};
			name = Debug;
		};
		B54511D11CF73E150041E883 /* Release */ = {
			isa = XCBuildConfiguration;
			buildSettings = {
				ASSETCATALOG_COMPILER_APPICON_NAME = AppIcon;
				INFOPLIST_FILE = MusicApp/Info.plist;
				LD_RUNPATH_SEARCH_PATHS = "$(inherited) @executable_path/Frameworks";
				PRODUCT_BUNDLE_IDENTIFIER = com.App01.MusicApp;
				PRODUCT_NAME = "$(TARGET_NAME)";
			};
			name = Release;
		};
/* End XCBuildConfiguration section */

/* Begin XCConfigurationList section */
		B54511B81CF73E150041E883 /* Build configuration list for PBXProject "MusicApp" */ = {
			isa = XCConfigurationList;
			buildConfigurations = (
				B54511CD1CF73E150041E883 /* Debug */,
				B54511CE1CF73E150041E883 /* Release */,
			);
			defaultConfigurationIsVisible = 0;
			defaultConfigurationName = Release;
		};
		B54511CF1CF73E150041E883 /* Build configuration list for PBXNativeTarget "MusicApp" */ = {
			isa = XCConfigurationList;
			buildConfigurations = (
				B54511D01CF73E150041E883 /* Debug */,
				B54511D11CF73E150041E883 /* Release */,
			);
			defaultConfigurationIsVisible = 0;
		};
/* End XCConfigurationList section */
	};
	rootObject = B54511B51CF73E150041E883 /* Project object */;
}
